
Microsoft Visual Studio Solution File, Format Version 12.00
# Visual Studio Version 16
VisualStudioVersion = 16.0.29709.97
MinimumVisualStudioVersion = 10.0.40219.1
Project("{D954291E-2A0B-460D-934E-DC6B0785DB48}") = "ViewboxHitTest.Shared", "ViewboxHitTest.Shared\ViewboxHitTest.Shared.shproj", "{6279C845-92F8-4333-AB99-3D213163593C}"
EndProject
Project("{FAE04EC0-301F-11D3-BF4B-00C04F79EFBC}") = "ViewboxHitTest.Droid", "ViewboxHitTest.Droid\ViewboxHitTest.Droid.csproj", "{D5D5635E-20BC-49E4-BA05-DC277F504401}"
EndProject
Project("{FAE04EC0-301F-11D3-BF4B-00C04F79EFBC}") = "ViewboxHitTest.iOS", "ViewboxHitTest.iOS\ViewboxHitTest.iOS.csproj", "{D0CB57E7-AC87-483E-B338-657F50BC7DF0}"
EndProject
Project("{FAE04EC0-301F-11D3-BF4B-00C04F79EFBC}") = "ViewboxHitTest.UWP", "ViewboxHitTest.UWP\ViewboxHitTest.UWP.csproj", "{8583EECE-33C1-4CF3-992D-BE480F64CAE4}"
EndProject
Project("{FAE04EC0-301F-11D3-BF4B-00C04F79EFBC}") = "ViewboxHitTest.Wasm", "ViewboxHitTest.Wasm\ViewboxHitTest.Wasm.csproj", "{8AAE1F1C-5BCE-4C3A-B789-605E4897F5CE}"
EndProject
Global
	GlobalSection(SharedMSBuildProjectFiles) = preSolution
		ViewboxHitTest.Shared\ViewboxHitTest.Shared.projitems*{6279c845-92f8-4333-ab99-3d213163593c}*SharedItemsImports = 13
		ViewboxHitTest.Shared\ViewboxHitTest.Shared.projitems*{8583eece-33c1-4cf3-992d-be480f64cae4}*SharedItemsImports = 4
		ViewboxHitTest.Shared\ViewboxHitTest.Shared.projitems*{d5d5635e-20bc-49e4-ba05-dc277f504401}*SharedItemsImports = 4
	EndGlobalSection
	GlobalSection(SolutionConfigurationPlatforms) = preSolution
		Ad-Hoc|Any CPU = Ad-Hoc|Any CPU
		Ad-Hoc|ARM = Ad-Hoc|ARM
		Ad-Hoc|iPhone = Ad-Hoc|iPhone
		Ad-Hoc|iPhoneSimulator = Ad-Hoc|iPhoneSimulator
		Ad-Hoc|x64 = Ad-Hoc|x64
		Ad-Hoc|x86 = Ad-Hoc|x86
		AppStore|Any CPU = AppStore|Any CPU
		AppStore|ARM = AppStore|ARM
		AppStore|iPhone = AppStore|iPhone
		AppStore|iPhoneSimulator = AppStore|iPhoneSimulator
		AppStore|x64 = AppStore|x64
		AppStore|x86 = AppStore|x86
		Debug|Any CPU = Debug|Any CPU
		Debug|ARM = Debug|ARM
		Debug|iPhone = Debug|iPhone
		Debug|iPhoneSimulator = Debug|iPhoneSimulator
		Debug|x64 = Debug|x64
		Debug|x86 = Debug|x86
		Release|Any CPU = Release|Any CPU
		Release|ARM = Release|ARM
		Release|iPhone = Release|iPhone
		Release|iPhoneSimulator = Release|iPhoneSimulator
		Release|x64 = Release|x64
		Release|x86 = Release|x86
	EndGlobalSection
	GlobalSection(ProjectConfigurationPlatforms) = postSolution
		{D5D5635E-20BC-49E4-BA05-DC277F504401}.Ad-Hoc|Any CPU.ActiveCfg = Release|Any CPU
		{D5D5635E-20BC-49E4-BA05-DC277F504401}.Ad-Hoc|Any CPU.Build.0 = Release|Any CPU
		{D5D5635E-20BC-49E4-BA05-DC277F504401}.Ad-Hoc|Any CPU.Deploy.0 = Release|Any CPU
		{D5D5635E-20BC-49E4-BA05-DC277F504401}.Ad-Hoc|ARM.ActiveCfg = Release|Any CPU
		{D5D5635E-20BC-49E4-BA05-DC277F504401}.Ad-Hoc|ARM.Build.0 = Release|Any CPU
		{D5D5635E-20BC-49E4-BA05-DC277F504401}.Ad-Hoc|ARM.Deploy.0 = Release|Any CPU
		{D5D5635E-20BC-49E4-BA05-DC277F504401}.Ad-Hoc|iPhone.ActiveCfg = Release|Any CPU
		{D5D5635E-20BC-49E4-BA05-DC277F504401}.Ad-Hoc|iPhone.Build.0 = Release|Any CPU
		{D5D5635E-20BC-49E4-BA05-DC277F504401}.Ad-Hoc|iPhone.Deploy.0 = Release|Any CPU
		{D5D5635E-20BC-49E4-BA05-DC277F504401}.Ad-Hoc|iPhoneSimulator.ActiveCfg = Release|Any CPU
		{D5D5635E-20BC-49E4-BA05-DC277F504401}.Ad-Hoc|iPhoneSimulator.Build.0 = Release|Any CPU
		{D5D5635E-20BC-49E4-BA05-DC277F504401}.Ad-Hoc|iPhoneSimulator.Deploy.0 = Release|Any CPU
		{D5D5635E-20BC-49E4-BA05-DC277F504401}.Ad-Hoc|x64.ActiveCfg = Release|Any CPU
		{D5D5635E-20BC-49E4-BA05-DC277F504401}.Ad-Hoc|x64.Build.0 = Release|Any CPU
		{D5D5635E-20BC-49E4-BA05-DC277F504401}.Ad-Hoc|x64.Deploy.0 = Release|Any CPU
		{D5D5635E-20BC-49E4-BA05-DC277F504401}.Ad-Hoc|x86.ActiveCfg = Release|Any CPU
		{D5D5635E-20BC-49E4-BA05-DC277F504401}.Ad-Hoc|x86.Build.0 = Release|Any CPU
		{D5D5635E-20BC-49E4-BA05-DC277F504401}.Ad-Hoc|x86.Deploy.0 = Release|Any CPU
		{D5D5635E-20BC-49E4-BA05-DC277F504401}.AppStore|Any CPU.ActiveCfg = Release|Any CPU
		{D5D5635E-20BC-49E4-BA05-DC277F504401}.AppStore|Any CPU.Build.0 = Release|Any CPU
		{D5D5635E-20BC-49E4-BA05-DC277F504401}.AppStore|Any CPU.Deploy.0 = Release|Any CPU
		{D5D5635E-20BC-49E4-BA05-DC277F504401}.AppStore|ARM.ActiveCfg = Release|Any CPU
		{D5D5635E-20BC-49E4-BA05-DC277F504401}.AppStore|ARM.Build.0 = Release|Any CPU
		{D5D5635E-20BC-49E4-BA05-DC277F504401}.AppStore|ARM.Deploy.0 = Release|Any CPU
		{D5D5635E-20BC-49E4-BA05-DC277F504401}.AppStore|iPhone.ActiveCfg = Release|Any CPU
		{D5D5635E-20BC-49E4-BA05-DC277F504401}.AppStore|iPhone.Build.0 = Release|Any CPU
		{D5D5635E-20BC-49E4-BA05-DC277F504401}.AppStore|iPhone.Deploy.0 = Release|Any CPU
		{D5D5635E-20BC-49E4-BA05-DC277F504401}.AppStore|iPhoneSimulator.ActiveCfg = Release|Any CPU
		{D5D5635E-20BC-49E4-BA05-DC277F504401}.AppStore|iPhoneSimulator.Build.0 = Release|Any CPU
		{D5D5635E-20BC-49E4-BA05-DC277F504401}.AppStore|iPhoneSimulator.Deploy.0 = Release|Any CPU
		{D5D5635E-20BC-49E4-BA05-DC277F504401}.AppStore|x64.ActiveCfg = Release|Any CPU
		{D5D5635E-20BC-49E4-BA05-DC277F504401}.AppStore|x64.Build.0 = Release|Any CPU
		{D5D5635E-20BC-49E4-BA05-DC277F504401}.AppStore|x64.Deploy.0 = Release|Any CPU
		{D5D5635E-20BC-49E4-BA05-DC277F504401}.AppStore|x86.ActiveCfg = Release|Any CPU
		{D5D5635E-20BC-49E4-BA05-DC277F504401}.AppStore|x86.Build.0 = Release|Any CPU
		{D5D5635E-20BC-49E4-BA05-DC277F504401}.AppStore|x86.Deploy.0 = Release|Any CPU
		{D5D5635E-20BC-49E4-BA05-DC277F504401}.Debug|Any CPU.ActiveCfg = Debug|Any CPU
		{D5D5635E-20BC-49E4-BA05-DC277F504401}.Debug|Any CPU.Build.0 = Debug|Any CPU
		{D5D5635E-20BC-49E4-BA05-DC277F504401}.Debug|Any CPU.Deploy.0 = Debug|Any CPU
		{D5D5635E-20BC-49E4-BA05-DC277F504401}.Debug|ARM.ActiveCfg = Debug|Any CPU
		{D5D5635E-20BC-49E4-BA05-DC277F504401}.Debug|ARM.Build.0 = Debug|Any CPU
		{D5D5635E-20BC-49E4-BA05-DC277F504401}.Debug|ARM.Deploy.0 = Debug|Any CPU
		{D5D5635E-20BC-49E4-BA05-DC277F504401}.Debug|iPhone.ActiveCfg = Debug|Any CPU
		{D5D5635E-20BC-49E4-BA05-DC277F504401}.Debug|iPhone.Build.0 = Debug|Any CPU
		{D5D5635E-20BC-49E4-BA05-DC277F504401}.Debug|iPhone.Deploy.0 = Debug|Any CPU
		{D5D5635E-20BC-49E4-BA05-DC277F504401}.Debug|iPhoneSimulator.ActiveCfg = Debug|Any CPU
		{D5D5635E-20BC-49E4-BA05-DC277F504401}.Debug|iPhoneSimulator.Build.0 = Debug|Any CPU
		{D5D5635E-20BC-49E4-BA05-DC277F504401}.Debug|iPhoneSimulator.Deploy.0 = Debug|Any CPU
		{D5D5635E-20BC-49E4-BA05-DC277F504401}.Debug|x64.ActiveCfg = Debug|Any CPU
		{D5D5635E-20BC-49E4-BA05-DC277F504401}.Debug|x64.Build.0 = Debug|Any CPU
		{D5D5635E-20BC-49E4-BA05-DC277F504401}.Debug|x64.Deploy.0 = Debug|Any CPU
		{D5D5635E-20BC-49E4-BA05-DC277F504401}.Debug|x86.ActiveCfg = Debug|Any CPU
		{D5D5635E-20BC-49E4-BA05-DC277F504401}.Debug|x86.Build.0 = Debug|Any CPU
		{D5D5635E-20BC-49E4-BA05-DC277F504401}.Debug|x86.Deploy.0 = Debug|Any CPU
		{D5D5635E-20BC-49E4-BA05-DC277F504401}.Release|Any CPU.ActiveCfg = Release|Any CPU
		{D5D5635E-20BC-49E4-BA05-DC277F504401}.Release|Any CPU.Build.0 = Release|Any CPU
		{D5D5635E-20BC-49E4-BA05-DC277F504401}.Release|Any CPU.Deploy.0 = Release|Any CPU
		{D5D5635E-20BC-49E4-BA05-DC277F504401}.Release|ARM.ActiveCfg = Release|Any CPU
		{D5D5635E-20BC-49E4-BA05-DC277F504401}.Release|ARM.Build.0 = Release|Any CPU
		{D5D5635E-20BC-49E4-BA05-DC277F504401}.Release|ARM.Deploy.0 = Release|Any CPU
		{D5D5635E-20BC-49E4-BA05-DC277F504401}.Release|iPhone.ActiveCfg = Release|Any CPU
		{D5D5635E-20BC-49E4-BA05-DC277F504401}.Release|iPhone.Build.0 = Release|Any CPU
		{D5D5635E-20BC-49E4-BA05-DC277F504401}.Release|iPhone.Deploy.0 = Release|Any CPU
		{D5D5635E-20BC-49E4-BA05-DC277F504401}.Release|iPhoneSimulator.ActiveCfg = Release|Any CPU
		{D5D5635E-20BC-49E4-BA05-DC277F504401}.Release|iPhoneSimulator.Build.0 = Release|Any CPU
		{D5D5635E-20BC-49E4-BA05-DC277F504401}.Release|iPhoneSimulator.Deploy.0 = Release|Any CPU
		{D5D5635E-20BC-49E4-BA05-DC277F504401}.Release|x64.ActiveCfg = Release|Any CPU
		{D5D5635E-20BC-49E4-BA05-DC277F504401}.Release|x64.Build.0 = Release|Any CPU
		{D5D5635E-20BC-49E4-BA05-DC277F504401}.Release|x64.Deploy.0 = Release|Any CPU
		{D5D5635E-20BC-49E4-BA05-DC277F504401}.Release|x86.ActiveCfg = Release|Any CPU
		{D5D5635E-20BC-49E4-BA05-DC277F504401}.Release|x86.Build.0 = Release|Any CPU
		{D5D5635E-20BC-49E4-BA05-DC277F504401}.Release|x86.Deploy.0 = Release|Any CPU
		{D0CB57E7-AC87-483E-B338-657F50BC7DF0}.Ad-Hoc|Any CPU.ActiveCfg = Ad-Hoc|iPhone
		{D0CB57E7-AC87-483E-B338-657F50BC7DF0}.Ad-Hoc|ARM.ActiveCfg = Ad-Hoc|iPhone
		{D0CB57E7-AC87-483E-B338-657F50BC7DF0}.Ad-Hoc|iPhone.ActiveCfg = Ad-Hoc|iPhone
		{D0CB57E7-AC87-483E-B338-657F50BC7DF0}.Ad-Hoc|iPhone.Build.0 = Ad-Hoc|iPhone
		{D0CB57E7-AC87-483E-B338-657F50BC7DF0}.Ad-Hoc|iPhoneSimulator.ActiveCfg = Ad-Hoc|iPhoneSimulator
		{D0CB57E7-AC87-483E-B338-657F50BC7DF0}.Ad-Hoc|iPhoneSimulator.Build.0 = Ad-Hoc|iPhoneSimulator
		{D0CB57E7-AC87-483E-B338-657F50BC7DF0}.Ad-Hoc|x64.ActiveCfg = Ad-Hoc|iPhone
		{D0CB57E7-AC87-483E-B338-657F50BC7DF0}.Ad-Hoc|x86.ActiveCfg = Ad-Hoc|iPhone
		{D0CB57E7-AC87-483E-B338-657F50BC7DF0}.AppStore|Any CPU.ActiveCfg = AppStore|iPhone
		{D0CB57E7-AC87-483E-B338-657F50BC7DF0}.AppStore|ARM.ActiveCfg = AppStore|iPhone
		{D0CB57E7-AC87-483E-B338-657F50BC7DF0}.AppStore|iPhone.ActiveCfg = AppStore|iPhone
		{D0CB57E7-AC87-483E-B338-657F50BC7DF0}.AppStore|iPhone.Build.0 = AppStore|iPhone
		{D0CB57E7-AC87-483E-B338-657F50BC7DF0}.AppStore|iPhoneSimulator.ActiveCfg = AppStore|iPhoneSimulator
		{D0CB57E7-AC87-483E-B338-657F50BC7DF0}.AppStore|iPhoneSimulator.Build.0 = AppStore|iPhoneSimulator
		{D0CB57E7-AC87-483E-B338-657F50BC7DF0}.AppStore|x64.ActiveCfg = AppStore|iPhone
		{D0CB57E7-AC87-483E-B338-657F50BC7DF0}.AppStore|x86.ActiveCfg = AppStore|iPhone
		{D0CB57E7-AC87-483E-B338-657F50BC7DF0}.Debug|Any CPU.ActiveCfg = Debug|iPhone
		{D0CB57E7-AC87-483E-B338-657F50BC7DF0}.Debug|ARM.ActiveCfg = Debug|iPhone
		{D0CB57E7-AC87-483E-B338-657F50BC7DF0}.Debug|iPhone.ActiveCfg = Debug|iPhone
		{D0CB57E7-AC87-483E-B338-657F50BC7DF0}.Debug|iPhone.Build.0 = Debug|iPhone
		{D0CB57E7-AC87-483E-B338-657F50BC7DF0}.Debug|iPhoneSimulator.ActiveCfg = Debug|iPhoneSimulator
		{D0CB57E7-AC87-483E-B338-657F50BC7DF0}.Debug|iPhoneSimulator.Build.0 = Debug|iPhoneSimulator
		{D0CB57E7-AC87-483E-B338-657F50BC7DF0}.Debug|x64.ActiveCfg = Debug|iPhone
		{D0CB57E7-AC87-483E-B338-657F50BC7DF0}.Debug|x86.ActiveCfg = Debug|iPhone
		{D0CB57E7-AC87-483E-B338-657F50BC7DF0}.Release|Any CPU.ActiveCfg = Release|iPhone
		{D0CB57E7-AC87-483E-B338-657F50BC7DF0}.Release|ARM.ActiveCfg = Release|iPhone
		{D0CB57E7-AC87-483E-B338-657F50BC7DF0}.Release|iPhone.ActiveCfg = Release|iPhone
		{D0CB57E7-AC87-483E-B338-657F50BC7DF0}.Release|iPhone.Build.0 = Release|iPhone
		{D0CB57E7-AC87-483E-B338-657F50BC7DF0}.Release|iPhoneSimulator.ActiveCfg = Release|iPhoneSimulator
		{D0CB57E7-AC87-483E-B338-657F50BC7DF0}.Release|iPhoneSimulator.Build.0 = Release|iPhoneSimulator
		{D0CB57E7-AC87-483E-B338-657F50BC7DF0}.Release|x64.ActiveCfg = Release|iPhone
		{D0CB57E7-AC87-483E-B338-657F50BC7DF0}.Release|x86.ActiveCfg = Release|iPhone
		{8583EECE-33C1-4CF3-992D-BE480F64CAE4}.Ad-Hoc|Any CPU.ActiveCfg = Release|x64
		{8583EECE-33C1-4CF3-992D-BE480F64CAE4}.Ad-Hoc|Any CPU.Build.0 = Release|x64
		{8583EECE-33C1-4CF3-992D-BE480F64CAE4}.Ad-Hoc|Any CPU.Deploy.0 = Release|x64
		{8583EECE-33C1-4CF3-992D-BE480F64CAE4}.Ad-Hoc|ARM.ActiveCfg = Release|ARM
		{8583EECE-33C1-4CF3-992D-BE480F64CAE4}.Ad-Hoc|ARM.Build.0 = Release|ARM
		{8583EECE-33C1-4CF3-992D-BE480F64CAE4}.Ad-Hoc|ARM.Deploy.0 = Release|ARM
		{8583EECE-33C1-4CF3-992D-BE480F64CAE4}.Ad-Hoc|iPhone.ActiveCfg = Release|x64
		{8583EECE-33C1-4CF3-992D-BE480F64CAE4}.Ad-Hoc|iPhone.Build.0 = Release|x64
		{8583EECE-33C1-4CF3-992D-BE480F64CAE4}.Ad-Hoc|iPhone.Deploy.0 = Release|x64
		{8583EECE-33C1-4CF3-992D-BE480F64CAE4}.Ad-Hoc|iPhoneSimulator.ActiveCfg = Release|x64
		{8583EECE-33C1-4CF3-992D-BE480F64CAE4}.Ad-Hoc|iPhoneSimulator.Build.0 = Release|x64
		{8583EECE-33C1-4CF3-992D-BE480F64CAE4}.Ad-Hoc|iPhoneSimulator.Deploy.0 = Release|x64
		{8583EECE-33C1-4CF3-992D-BE480F64CAE4}.Ad-Hoc|x64.ActiveCfg = Release|x64
		{8583EECE-33C1-4CF3-992D-BE480F64CAE4}.Ad-Hoc|x64.Build.0 = Release|x64
		{8583EECE-33C1-4CF3-992D-BE480F64CAE4}.Ad-Hoc|x64.Deploy.0 = Release|x64
		{8583EECE-33C1-4CF3-992D-BE480F64CAE4}.Ad-Hoc|x86.ActiveCfg = Release|x86
		{8583EECE-33C1-4CF3-992D-BE480F64CAE4}.Ad-Hoc|x86.Build.0 = Release|x86
		{8583EECE-33C1-4CF3-992D-BE480F64CAE4}.Ad-Hoc|x86.Deploy.0 = Release|x86
		{8583EECE-33C1-4CF3-992D-BE480F64CAE4}.AppStore|Any CPU.ActiveCfg = Release|x64
		{8583EECE-33C1-4CF3-992D-BE480F64CAE4}.AppStore|Any CPU.Build.0 = Release|x64
		{8583EECE-33C1-4CF3-992D-BE480F64CAE4}.AppStore|Any CPU.Deploy.0 = Release|x64
		{8583EECE-33C1-4CF3-992D-BE480F64CAE4}.AppStore|ARM.ActiveCfg = Release|ARM
		{8583EECE-33C1-4CF3-992D-BE480F64CAE4}.AppStore|ARM.Build.0 = Release|ARM
		{8583EECE-33C1-4CF3-992D-BE480F64CAE4}.AppStore|ARM.Deploy.0 = Release|ARM
		{8583EECE-33C1-4CF3-992D-BE480F64CAE4}.AppStore|iPhone.ActiveCfg = Release|x64
		{8583EECE-33C1-4CF3-992D-BE480F64CAE4}.AppStore|iPhone.Build.0 = Release|x64
		{8583EECE-33C1-4CF3-992D-BE480F64CAE4}.AppStore|iPhone.Deploy.0 = Release|x64
		{8583EECE-33C1-4CF3-992D-BE480F64CAE4}.AppStore|iPhoneSimulator.ActiveCfg = Release|x64
		{8583EECE-33C1-4CF3-992D-BE480F64CAE4}.AppStore|iPhoneSimulator.Build.0 = Release|x64
		{8583EECE-33C1-4CF3-992D-BE480F64CAE4}.AppStore|iPhoneSimulator.Deploy.0 = Release|x64
		{8583EECE-33C1-4CF3-992D-BE480F64CAE4}.AppStore|x64.ActiveCfg = Release|x64
		{8583EECE-33C1-4CF3-992D-BE480F64CAE4}.AppStore|x64.Build.0 = Release|x64
		{8583EECE-33C1-4CF3-992D-BE480F64CAE4}.AppStore|x64.Deploy.0 = Release|x64
		{8583EECE-33C1-4CF3-992D-BE480F64CAE4}.AppStore|x86.ActiveCfg = Release|x86
		{8583EECE-33C1-4CF3-992D-BE480F64CAE4}.AppStore|x86.Build.0 = Release|x86
		{8583EECE-33C1-4CF3-992D-BE480F64CAE4}.AppStore|x86.Deploy.0 = Release|x86
		{8583EECE-33C1-4CF3-992D-BE480F64CAE4}.Debug|Any CPU.ActiveCfg = Debug|x86
		{8583EECE-33C1-4CF3-992D-BE480F64CAE4}.Debug|ARM.ActiveCfg = Debug|ARM
		{8583EECE-33C1-4CF3-992D-BE480F64CAE4}.Debug|ARM.Build.0 = Debug|ARM
		{8583EECE-33C1-4CF3-992D-BE480F64CAE4}.Debug|ARM.Deploy.0 = Debug|ARM
		{8583EECE-33C1-4CF3-992D-BE480F64CAE4}.Debug|iPhone.ActiveCfg = Debug|x86
		{8583EECE-33C1-4CF3-992D-BE480F64CAE4}.Debug|iPhoneSimulator.ActiveCfg = Debug|x86
		{8583EECE-33C1-4CF3-992D-BE480F64CAE4}.Debug|x64.ActiveCfg = Debug|x64
		{8583EECE-33C1-4CF3-992D-BE480F64CAE4}.Debug|x64.Build.0 = Debug|x64
		{8583EECE-33C1-4CF3-992D-BE480F64CAE4}.Debug|x64.Deploy.0 = Debug|x64
		{8583EECE-33C1-4CF3-992D-BE480F64CAE4}.Debug|x86.ActiveCfg = Debug|x86
		{8583EECE-33C1-4CF3-992D-BE480F64CAE4}.Debug|x86.Build.0 = Debug|x86
		{8583EECE-33C1-4CF3-992D-BE480F64CAE4}.Debug|x86.Deploy.0 = Debug|x86
		{8583EECE-33C1-4CF3-992D-BE480F64CAE4}.Release|Any CPU.ActiveCfg = Release|x86
		{8583EECE-33C1-4CF3-992D-BE480F64CAE4}.Release|ARM.ActiveCfg = Release|ARM
		{8583EECE-33C1-4CF3-992D-BE480F64CAE4}.Release|ARM.Build.0 = Release|ARM
		{8583EECE-33C1-4CF3-992D-BE480F64CAE4}.Release|ARM.Deploy.0 = Release|ARM
		{8583EECE-33C1-4CF3-992D-BE480F64CAE4}.Release|iPhone.ActiveCfg = Release|x86
		{8583EECE-33C1-4CF3-992D-BE480F64CAE4}.Release|iPhoneSimulator.ActiveCfg = Release|x86
		{8583EECE-33C1-4CF3-992D-BE480F64CAE4}.Release|x64.ActiveCfg = Release|x64
		{8583EECE-33C1-4CF3-992D-BE480F64CAE4}.Release|x64.Build.0 = Release|x64
		{8583EECE-33C1-4CF3-992D-BE480F64CAE4}.Release|x64.Deploy.0 = Release|x64
		{8583EECE-33C1-4CF3-992D-BE480F64CAE4}.Release|x86.ActiveCfg = Release|x86
		{8583EECE-33C1-4CF3-992D-BE480F64CAE4}.Release|x86.Build.0 = Release|x86
		{8583EECE-33C1-4CF3-992D-BE480F64CAE4}.Release|x86.Deploy.0 = Release|x86
		{8AAE1F1C-5BCE-4C3A-B789-605E4897F5CE}.Ad-Hoc|Any CPU.ActiveCfg = Debug|Any CPU
		{8AAE1F1C-5BCE-4C3A-B789-605E4897F5CE}.Ad-Hoc|Any CPU.Build.0 = Debug|Any CPU
		{8AAE1F1C-5BCE-4C3A-B789-605E4897F5CE}.Ad-Hoc|ARM.ActiveCfg = Debug|Any CPU
		{8AAE1F1C-5BCE-4C3A-B789-605E4897F5CE}.Ad-Hoc|ARM.Build.0 = Debug|Any CPU
		{8AAE1F1C-5BCE-4C3A-B789-605E4897F5CE}.Ad-Hoc|iPhone.ActiveCfg = Debug|Any CPU
		{8AAE1F1C-5BCE-4C3A-B789-605E4897F5CE}.Ad-Hoc|iPhone.Build.0 = Debug|Any CPU
		{8AAE1F1C-5BCE-4C3A-B789-605E4897F5CE}.Ad-Hoc|iPhoneSimulator.ActiveCfg = Debug|Any CPU
		{8AAE1F1C-5BCE-4C3A-B789-605E4897F5CE}.Ad-Hoc|iPhoneSimulator.Build.0 = Debug|Any CPU
		{8AAE1F1C-5BCE-4C3A-B789-605E4897F5CE}.Ad-Hoc|x64.ActiveCfg = Debug|Any CPU
		{8AAE1F1C-5BCE-4C3A-B789-605E4897F5CE}.Ad-Hoc|x64.Build.0 = Debug|Any CPU
		{8AAE1F1C-5BCE-4C3A-B789-605E4897F5CE}.Ad-Hoc|x86.ActiveCfg = Debug|Any CPU
		{8AAE1F1C-5BCE-4C3A-B789-605E4897F5CE}.Ad-Hoc|x86.Build.0 = Debug|Any CPU
		{8AAE1F1C-5BCE-4C3A-B789-605E4897F5CE}.AppStore|Any CPU.ActiveCfg = Debug|Any CPU
		{8AAE1F1C-5BCE-4C3A-B789-605E4897F5CE}.AppStore|Any CPU.Build.0 = Debug|Any CPU
		{8AAE1F1C-5BCE-4C3A-B789-605E4897F5CE}.AppStore|ARM.ActiveCfg = Debug|Any CPU
		{8AAE1F1C-5BCE-4C3A-B789-605E4897F5CE}.AppStore|ARM.Build.0 = Debug|Any CPU
		{8AAE1F1C-5BCE-4C3A-B789-605E4897F5CE}.AppStore|iPhone.ActiveCfg = Debug|Any CPU
		{8AAE1F1C-5BCE-4C3A-B789-605E4897F5CE}.AppStore|iPhone.Build.0 = Debug|Any CPU
		{8AAE1F1C-5BCE-4C3A-B789-605E4897F5CE}.AppStore|iPhoneSimulator.ActiveCfg = Debug|Any CPU
		{8AAE1F1C-5BCE-4C3A-B789-605E4897F5CE}.AppStore|iPhoneSimulator.Build.0 = Debug|Any CPU
		{8AAE1F1C-5BCE-4C3A-B789-605E4897F5CE}.AppStore|x64.ActiveCfg = Debug|Any CPU
		{8AAE1F1C-5BCE-4C3A-B789-605E4897F5CE}.AppStore|x64.Build.0 = Debug|Any CPU
		{8AAE1F1C-5BCE-4C3A-B789-605E4897F5CE}.AppStore|x86.ActiveCfg = Debug|Any CPU
		{8AAE1F1C-5BCE-4C3A-B789-605E4897F5CE}.AppStore|x86.Build.0 = Debug|Any CPU
		{8AAE1F1C-5BCE-4C3A-B789-605E4897F5CE}.Debug|Any CPU.ActiveCfg = Debug|Any CPU
		{8AAE1F1C-5BCE-4C3A-B789-605E4897F5CE}.Debug|Any CPU.Build.0 = Debug|Any CPU
		{8AAE1F1C-5BCE-4C3A-B789-605E4897F5CE}.Debug|ARM.ActiveCfg = Debug|Any CPU
		{8AAE1F1C-5BCE-4C3A-B789-605E4897F5CE}.Debug|ARM.Build.0 = Debug|Any CPU
		{8AAE1F1C-5BCE-4C3A-B789-605E4897F5CE}.Debug|iPhone.ActiveCfg = Debug|Any CPU
		{8AAE1F1C-5BCE-4C3A-B789-605E4897F5CE}.Debug|iPhone.Build.0 = Debug|Any CPU
		{8AAE1F1C-5BCE-4C3A-B789-605E4897F5CE}.Debug|iPhoneSimulator.ActiveCfg = Debug|Any CPU
		{8AAE1F1C-5BCE-4C3A-B789-605E4897F5CE}.Debug|iPhoneSimulator.Build.0 = Debug|Any CPU
		{8AAE1F1C-5BCE-4C3A-B789-605E4897F5CE}.Debug|x64.ActiveCfg = Debug|Any CPU
		{8AAE1F1C-5BCE-4C3A-B789-605E4897F5CE}.Debug|x64.Build.0 = Debug|Any CPU
		{8AAE1F1C-5BCE-4C3A-B789-605E4897F5CE}.Debug|x86.ActiveCfg = Debug|Any CPU
		{8AAE1F1C-5BCE-4C3A-B789-605E4897F5CE}.Debug|x86.Build.0 = Debug|Any CPU
		{8AAE1F1C-5BCE-4C3A-B789-605E4897F5CE}.Release|Any CPU.ActiveCfg = Release|Any CPU
		{8AAE1F1C-5BCE-4C3A-B789-605E4897F5CE}.Release|Any CPU.Build.0 = Release|Any CPU
		{8AAE1F1C-5BCE-4C3A-B789-605E4897F5CE}.Release|ARM.ActiveCfg = Release|Any CPU
		{8AAE1F1C-5BCE-4C3A-B789-605E4897F5CE}.Release|ARM.Build.0 = Release|Any CPU
		{8AAE1F1C-5BCE-4C3A-B789-605E4897F5CE}.Release|iPhone.ActiveCfg = Release|Any CPU
		{8AAE1F1C-5BCE-4C3A-B789-605E4897F5CE}.Release|iPhone.Build.0 = Release|Any CPU
		{8AAE1F1C-5BCE-4C3A-B789-605E4897F5CE}.Release|iPhoneSimulator.ActiveCfg = Release|Any CPU
		{8AAE1F1C-5BCE-4C3A-B789-605E4897F5CE}.Release|iPhoneSimulator.Build.0 = Release|Any CPU
		{8AAE1F1C-5BCE-4C3A-B789-605E4897F5CE}.Release|x64.ActiveCfg = Release|Any CPU
		{8AAE1F1C-5BCE-4C3A-B789-605E4897F5CE}.Release|x64.Build.0 = Release|Any CPU
		{8AAE1F1C-5BCE-4C3A-B789-605E4897F5CE}.Release|x86.ActiveCfg = Release|Any CPU
		{8AAE1F1C-5BCE-4C3A-B789-605E4897F5CE}.Release|x86.Build.0 = Release|Any CPU
	EndGlobalSection
	GlobalSection(SolutionProperties) = preSolution
		HideSolutionNode = FALSE
	EndGlobalSection
	GlobalSection(ExtensibilityGlobals) = postSolution
		SolutionGuid = {961C1F53-E117-4A10-8F0A-39A644872BD8}
	EndGlobalSection
EndGlobal
